
Microsoft Visual Studio Solution File, Format Version 12.00
# Visual Studio Version 17
VisualStudioVersion = 17.2.32630.192
MinimumVisualStudioVersion = 10.0.40219.1
Project("{FAE04EC0-301F-11D3-BF4B-00C04F79EFBC}") = "WebOMSAutomation", "WebOMSAutomation.csproj", "{8EDF4429-251A-416D-BB68-93F227191BCF}"
EndProject
Project("{FAE04EC0-301F-11D3-BF4B-00C04F79EFBC}") = "WebControls", "..\WebControls\WebControls.csproj", "{196CF17C-DC5E-4B38-869F-0308567D7CDF}"
EndProject
Project("{FAE04EC0-301F-11D3-BF4B-00C04F79EFBC}") = "WebOMSHelperLibrary", "..\WebOMSHelperLibrary\WebOMSHelperLibrary.csproj", "{16646279-4488-40F1-9607-D979CC851406}"
EndProject
Project("{2150E333-8FDC-42A3-9474-1A3956D46DE8}") = "Solution Items", "Solution Items", "{84173430-2434-44AA-91FE-EA9D05FCEC8F}"
	ProjectSection(SolutionItems) = preProject
		..\..\..\..\Downloads\Demo.json = ..\..\..\..\Downloads\Demo.json
		..\..\..\..\Downloads\sample.json = ..\..\..\..\Downloads\sample.json
	EndProjectSection
EndProject
Global
	GlobalSection(SolutionConfigurationPlatforms) = preSolution
		Debug|Any CPU = Debug|Any CPU
		Release|Any CPU = Release|Any CPU
	EndGlobalSection
	GlobalSection(ProjectConfigurationPlatforms) = postSolution
		{8EDF4429-251A-416D-BB68-93F227191BCF}.Debug|Any CPU.ActiveCfg = Debug|Any CPU
		{8EDF4429-251A-416D-BB68-93F227191BCF}.Debug|Any CPU.Build.0 = Debug|Any CPU
		{8EDF4429-251A-416D-BB68-93F227191BCF}.Release|Any CPU.ActiveCfg = Release|Any CPU
		{8EDF4429-251A-416D-BB68-93F227191BCF}.Release|Any CPU.Build.0 = Release|Any CPU
		{196CF17C-DC5E-4B38-869F-0308567D7CDF}.Debug|Any CPU.ActiveCfg = Debug|Any CPU
		{196CF17C-DC5E-4B38-869F-0308567D7CDF}.Debug|Any CPU.Build.0 = Debug|Any CPU
		{196CF17C-DC5E-4B38-869F-0308567D7CDF}.Release|Any CPU.ActiveCfg = Release|Any CPU
		{196CF17C-DC5E-4B38-869F-0308567D7CDF}.Release|Any CPU.Build.0 = Release|Any CPU
		{16646279-4488-40F1-9607-D979CC851406}.Debug|Any CPU.ActiveCfg = Debug|Any CPU
		{16646279-4488-40F1-9607-D979CC851406}.Debug|Any CPU.Build.0 = Debug|Any CPU
		{16646279-4488-40F1-9607-D979CC851406}.Release|Any CPU.ActiveCfg = Release|Any CPU
		{16646279-4488-40F1-9607-D979CC851406}.Release|Any CPU.Build.0 = Release|Any CPU
	EndGlobalSection
	GlobalSection(SolutionProperties) = preSolution
		HideSolutionNode = FALSE
	EndGlobalSection
	GlobalSection(ExtensibilityGlobals) = postSolution
		SolutionGuid = {E65B94FF-0E47-41F2-A332-3BEDEB552E3C}
	EndGlobalSection
EndGlobal
